
Microsoft Visual Studio Solution File, Format Version 11.00
# Visual Studio 2010
Project("{54435603-DBB4-11D2-8724-00A0C9A8B90C}") = "rsclientprint-deploy", "rsclientprint-deploy.vdproj", "{7C6F1092-E02C-4E6E-AD2A-EA060D0A7054}"
EndProject
Global
	GlobalSection(SolutionConfigurationPlatforms) = preSolution
		Debug|Default = Debug|Default
		Release|Default = Release|Default
	EndGlobalSection
	GlobalSection(ProjectConfigurationPlatforms) = postSolution
		{7C6F1092-E02C-4E6E-AD2A-EA060D0A7054}.Debug|Default.ActiveCfg = Debug
		{7C6F1092-E02C-4E6E-AD2A-EA060D0A7054}.Debug|Default.Build.0 = Debug
		{7C6F1092-E02C-4E6E-AD2A-EA060D0A7054}.Release|Default.ActiveCfg = Release
		{7C6F1092-E02C-4E6E-AD2A-EA060D0A7054}.Release|Default.Build.0 = Release
	EndGlobalSection
	GlobalSection(SolutionProperties) = preSolution
		HideSolutionNode = FALSE
	EndGlobalSection
EndGlobal
